
Microsoft Visual Studio Solution File, Format Version 12.00
# Visual Studio 15
VisualStudioVersion = 15.0.28307.645
MinimumVisualStudioVersion = 10.0.40219.1
Project("{FAE04EC0-301F-11D3-BF4B-00C04F79EFBC}") = "XOX-Tutorial.UI", "XOX-Tutorial.UI\XOX-Tutorial.UI.csproj", "{6ED9340E-3402-4444-97E8-8FEBDC57637D}"
EndProject
Project("{FAE04EC0-301F-11D3-BF4B-00C04F79EFBC}") = "XOX-Tutorial.BLL", "XOX-Tutorial.BLL\XOX-Tutorial.BLL.csproj", "{B0AD4AAC-CC97-49C2-873A-2E14CB02E475}"
EndProject
Global
	GlobalSection(SolutionConfigurationPlatforms) = preSolution
		Debug|Any CPU = Debug|Any CPU
		Release|Any CPU = Release|Any CPU
	EndGlobalSection
	GlobalSection(ProjectConfigurationPlatforms) = postSolution
		{6ED9340E-3402-4444-97E8-8FEBDC57637D}.Debug|Any CPU.ActiveCfg = Debug|Any CPU
		{6ED9340E-3402-4444-97E8-8FEBDC57637D}.Debug|Any CPU.Build.0 = Debug|Any CPU
		{6ED9340E-3402-4444-97E8-8FEBDC57637D}.Release|Any CPU.ActiveCfg = Release|Any CPU
		{6ED9340E-3402-4444-97E8-8FEBDC57637D}.Release|Any CPU.Build.0 = Release|Any CPU
		{B0AD4AAC-CC97-49C2-873A-2E14CB02E475}.Debug|Any CPU.ActiveCfg = Debug|Any CPU
		{B0AD4AAC-CC97-49C2-873A-2E14CB02E475}.Debug|Any CPU.Build.0 = Debug|Any CPU
		{B0AD4AAC-CC97-49C2-873A-2E14CB02E475}.Release|Any CPU.ActiveCfg = Release|Any CPU
		{B0AD4AAC-CC97-49C2-873A-2E14CB02E475}.Release|Any CPU.Build.0 = Release|Any CPU
	EndGlobalSection
	GlobalSection(SolutionProperties) = preSolution
		HideSolutionNode = FALSE
	EndGlobalSection
	GlobalSection(ExtensibilityGlobals) = postSolution
		SolutionGuid = {E932FD32-B75D-4783-931B-7D08F2B7F117}
	EndGlobalSection
EndGlobal
